
Microsoft Visual Studio Solution File, Format Version 12.00
# Visual Studio 15
VisualStudioVersion = 15.0.28307.168
MinimumVisualStudioVersion = 10.0.40219.1
Project("{9A19103F-16F7-4668-BE54-9A1E7A4F7556}") = "DatingApp.API", "DatingApp.API.csproj", "{437CAF47-5FC5-499D-A6D1-4EFBC069DD01}"
EndProject
Global
	GlobalSection(SolutionConfigurationPlatforms) = preSolution
		Debug|Any CPU = Debug|Any CPU
		Release|Any CPU = Release|Any CPU
	EndGlobalSection
	GlobalSection(ProjectConfigurationPlatforms) = postSolution
		{437CAF47-5FC5-499D-A6D1-4EFBC069DD01}.Debug|Any CPU.ActiveCfg = Debug|Any CPU
		{437CAF47-5FC5-499D-A6D1-4EFBC069DD01}.Debug|Any CPU.Build.0 = Debug|Any CPU
		{437CAF47-5FC5-499D-A6D1-4EFBC069DD01}.Release|Any CPU.ActiveCfg = Release|Any CPU
		{437CAF47-5FC5-499D-A6D1-4EFBC069DD01}.Release|Any CPU.Build.0 = Release|Any CPU
	EndGlobalSection
	GlobalSection(SolutionProperties) = preSolution
		HideSolutionNode = FALSE
	EndGlobalSection
	GlobalSection(ExtensibilityGlobals) = postSolution
		SolutionGuid = {78F3E937-92A8-42E2-B6D1-697C5CDAE9F7}
	EndGlobalSection
EndGlobal
